
Microsoft Visual Studio Solution File, Format Version 12.00
# Visual Studio Version 16
VisualStudioVersion = 16.0.30611.23
MinimumVisualStudioVersion = 10.0.40219.1
Project("{FAE04EC0-301F-11D3-BF4B-00C04F79EFBC}") = "StudentRegistration", "StudentRegistration.csproj", "{C384C472-484E-41A3-ACD7-B0AFBEA33BCC}"
EndProject
Global
	GlobalSection(SolutionConfigurationPlatforms) = preSolution
		Debug|Any CPU = Debug|Any CPU
		Release|Any CPU = Release|Any CPU
	EndGlobalSection
	GlobalSection(ProjectConfigurationPlatforms) = postSolution
		{C384C472-484E-41A3-ACD7-B0AFBEA33BCC}.Debug|Any CPU.ActiveCfg = Debug|Any CPU
		{C384C472-484E-41A3-ACD7-B0AFBEA33BCC}.Debug|Any CPU.Build.0 = Debug|Any CPU
		{C384C472-484E-41A3-ACD7-B0AFBEA33BCC}.Release|Any CPU.ActiveCfg = Release|Any CPU
		{C384C472-484E-41A3-ACD7-B0AFBEA33BCC}.Release|Any CPU.Build.0 = Release|Any CPU
	EndGlobalSection
	GlobalSection(SolutionProperties) = preSolution
		HideSolutionNode = FALSE
	EndGlobalSection
	GlobalSection(ExtensibilityGlobals) = postSolution
		SolutionGuid = {1CBC2727-D2DB-4A90-992E-CC53DBFAB93C}
	EndGlobalSection
EndGlobal
